
Microsoft Visual Studio Solution File, Format Version 12.00
# Visual Studio Version 16
VisualStudioVersion = 16.0.31205.134
MinimumVisualStudioVersion = 10.0.40219.1
Project("{FAE04EC0-301F-11D3-BF4B-00C04F79EFBC}") = "DownloadUkraineJson", "DownloadUkraineJson\DownloadUkraineJson.csproj", "{0865D73A-6A4F-402C-9BFB-998CCF0BD452}"
EndProject
Global
	GlobalSection(SolutionConfigurationPlatforms) = preSolution
		Debug|Any CPU = Debug|Any CPU
		Release|Any CPU = Release|Any CPU
	EndGlobalSection
	GlobalSection(ProjectConfigurationPlatforms) = postSolution
		{0865D73A-6A4F-402C-9BFB-998CCF0BD452}.Debug|Any CPU.ActiveCfg = Debug|Any CPU
		{0865D73A-6A4F-402C-9BFB-998CCF0BD452}.Debug|Any CPU.Build.0 = Debug|Any CPU
		{0865D73A-6A4F-402C-9BFB-998CCF0BD452}.Release|Any CPU.ActiveCfg = Release|Any CPU
		{0865D73A-6A4F-402C-9BFB-998CCF0BD452}.Release|Any CPU.Build.0 = Release|Any CPU
	EndGlobalSection
	GlobalSection(SolutionProperties) = preSolution
		HideSolutionNode = FALSE
	EndGlobalSection
	GlobalSection(ExtensibilityGlobals) = postSolution
		SolutionGuid = {B4979D5A-E8EF-4D67-9D6B-324A42917430}
	EndGlobalSection
EndGlobal
